
Microsoft Visual Studio Solution File, Format Version 12.00
# Visual Studio 15
VisualStudioVersion = 15.0.28010.2050
MinimumVisualStudioVersion = 10.0.40219.1
Project("{8BC9CEB8-8B4A-11D0-8D11-00A0C91BC942}") = "GROMOVA_LABS", "GROMOVA_LABS\GROMOVA_LABS.vcxproj", "{228300B4-4690-4481-90B3-AD0162DBE50F}"
EndProject
Project("{8BC9CEB8-8B4A-11D0-8D11-00A0C91BC942}") = "THREAD_LAB", "THREAD_LAB\THREAD_LAB.vcxproj", "{13C2B170-C0FD-4C87-B1BA-7FE715096192}"
EndProject
Project("{8BC9CEB8-8B4A-11D0-8D11-00A0C91BC942}") = "LabSnippetTesting", "LabSnippetTesting\LabSnippetTesting.vcxproj", "{B76F7898-40B1-4E4F-AC56-07C34DA22341}"
EndProject
Global
	GlobalSection(SolutionConfigurationPlatforms) = preSolution
		Debug|x64 = Debug|x64
		Debug|x86 = Debug|x86
		Release|x64 = Release|x64
		Release|x86 = Release|x86
	EndGlobalSection
	GlobalSection(ProjectConfigurationPlatforms) = postSolution
		{228300B4-4690-4481-90B3-AD0162DBE50F}.Debug|x64.ActiveCfg = Debug|x64
		{228300B4-4690-4481-90B3-AD0162DBE50F}.Debug|x64.Build.0 = Debug|x64
		{228300B4-4690-4481-90B3-AD0162DBE50F}.Debug|x86.ActiveCfg = Debug|Win32
		{228300B4-4690-4481-90B3-AD0162DBE50F}.Debug|x86.Build.0 = Debug|Win32
		{228300B4-4690-4481-90B3-AD0162DBE50F}.Release|x64.ActiveCfg = Release|x64
		{228300B4-4690-4481-90B3-AD0162DBE50F}.Release|x64.Build.0 = Release|x64
		{228300B4-4690-4481-90B3-AD0162DBE50F}.Release|x86.ActiveCfg = Release|Win32
		{228300B4-4690-4481-90B3-AD0162DBE50F}.Release|x86.Build.0 = Release|Win32
		{13C2B170-C0FD-4C87-B1BA-7FE715096192}.Debug|x64.ActiveCfg = Debug|x64
		{13C2B170-C0FD-4C87-B1BA-7FE715096192}.Debug|x64.Build.0 = Debug|x64
		{13C2B170-C0FD-4C87-B1BA-7FE715096192}.Debug|x86.ActiveCfg = Debug|Win32
		{13C2B170-C0FD-4C87-B1BA-7FE715096192}.Debug|x86.Build.0 = Debug|Win32
		{13C2B170-C0FD-4C87-B1BA-7FE715096192}.Release|x64.ActiveCfg = Release|x64
		{13C2B170-C0FD-4C87-B1BA-7FE715096192}.Release|x64.Build.0 = Release|x64
		{13C2B170-C0FD-4C87-B1BA-7FE715096192}.Release|x86.ActiveCfg = Release|Win32
		{13C2B170-C0FD-4C87-B1BA-7FE715096192}.Release|x86.Build.0 = Release|Win32
		{B76F7898-40B1-4E4F-AC56-07C34DA22341}.Debug|x64.ActiveCfg = Debug|x64
		{B76F7898-40B1-4E4F-AC56-07C34DA22341}.Debug|x64.Build.0 = Debug|x64
		{B76F7898-40B1-4E4F-AC56-07C34DA22341}.Debug|x86.ActiveCfg = Debug|Win32
		{B76F7898-40B1-4E4F-AC56-07C34DA22341}.Debug|x86.Build.0 = Debug|Win32
		{B76F7898-40B1-4E4F-AC56-07C34DA22341}.Release|x64.ActiveCfg = Release|x64
		{B76F7898-40B1-4E4F-AC56-07C34DA22341}.Release|x64.Build.0 = Release|x64
		{B76F7898-40B1-4E4F-AC56-07C34DA22341}.Release|x86.ActiveCfg = Release|Win32
		{B76F7898-40B1-4E4F-AC56-07C34DA22341}.Release|x86.Build.0 = Release|Win32
	EndGlobalSection
	GlobalSection(SolutionProperties) = preSolution
		HideSolutionNode = FALSE
	EndGlobalSection
	GlobalSection(ExtensibilityGlobals) = postSolution
		SolutionGuid = {6479B697-FEC4-4B84-B25C-503007C7F8D6}
	EndGlobalSection
EndGlobal
